
Microsoft Visual Studio Solution File, Format Version 12.00
# Visual Studio Version 17
VisualStudioVersion = 17.4.33213.308
MinimumVisualStudioVersion = 10.0.40219.1
Project("{FAE04EC0-301F-11D3-BF4B-00C04F79EFBC}") = "Class(AppFilme)", "Class(AppFilme)\Class(AppFilme).csproj", "{B8C0AD53-2B7C-4A82-A783-AEE650E3C8DD}"
EndProject
Global
	GlobalSection(SolutionConfigurationPlatforms) = preSolution
		Debug|Any CPU = Debug|Any CPU
		Release|Any CPU = Release|Any CPU
	EndGlobalSection
	GlobalSection(ProjectConfigurationPlatforms) = postSolution
		{B8C0AD53-2B7C-4A82-A783-AEE650E3C8DD}.Debug|Any CPU.ActiveCfg = Debug|Any CPU
		{B8C0AD53-2B7C-4A82-A783-AEE650E3C8DD}.Debug|Any CPU.Build.0 = Debug|Any CPU
		{B8C0AD53-2B7C-4A82-A783-AEE650E3C8DD}.Release|Any CPU.ActiveCfg = Release|Any CPU
		{B8C0AD53-2B7C-4A82-A783-AEE650E3C8DD}.Release|Any CPU.Build.0 = Release|Any CPU
	EndGlobalSection
	GlobalSection(SolutionProperties) = preSolution
		HideSolutionNode = FALSE
	EndGlobalSection
	GlobalSection(ExtensibilityGlobals) = postSolution
		SolutionGuid = {BD6D4824-592C-4EFD-A7F6-5E122E158D23}
	EndGlobalSection
EndGlobal
